speakeasyVersion: 1.573.0
sources:
    lambdadb-OAS:
        sourceNamespace: lambdadb-oas
        sourceRevisionDigest: sha256:131480e0ec0f5fe5c6ca54378d2d45afa52fe8766fbe52530eb6704a12f9cbeb
        sourceBlobDigest: sha256:9f4c671a5f6cd6f3f84555150840927c04cb98b73043c0134688863dc03c4a80
        tags:
            - latest
            - 1.1.0
targets:
    lambdadb:
        source: lambdadb-OAS
        sourceNamespace: lambdadb-oas
        sourceRevisionDigest: sha256:131480e0ec0f5fe5c6ca54378d2d45afa52fe8766fbe52530eb6704a12f9cbeb
        sourceBlobDigest: sha256:9f4c671a5f6cd6f3f84555150840927c04cb98b73043c0134688863dc03c4a80
        codeSamplesNamespace: lambdadb-oas-code-samples
        codeSamplesRevisionDigest: sha256:83396dcd831f5d17bc708d6c59c273fc1cef781bdfb0b4e68d3bfe45f947a734
workflow:
    workflowVersion: 1.0.0
    speakeasyVersion: latest
    sources:
        lambdadb-OAS:
            inputs:
                - location: https://raw.githubusercontent.com/lambdadb/docs/main/api-reference/openapi.json
            overlays:
                - location: .speakeasy/speakeasy-modifications-overlay.yaml
            registry:
                location: registry.speakeasyapi.dev/lambdadb/lambdadb-python/lambdadb-oas
    targets:
        lambdadb:
            target: python
            source: lambdadb-OAS
            publish:
                pypi:
                    token: $pypi_token
            codeSamples:
                registry:
                    location: registry.speakeasyapi.dev/lambdadb/lambdadb-python/lambdadb-oas-code-samples
                labelOverride:
                    fixedValue: Python (SDK)
                blocking: false
