speakeasyVersion: 1.573.0
sources:
    lambdadb-OAS:
        sourceNamespace: lambdadb-oas
        sourceRevisionDigest: sha256:38b2a197a44e4d81f9515bc3bd8beed7413b63ff8e33d2ecf5180ef598b78a80
        sourceBlobDigest: sha256:e90746c6c07097b1dda8d982034b91bbdb8204fe400372c9617443835026bc17
        tags:
            - latest
            - 1.1.1
targets:
    lambdadb:
        source: lambdadb-OAS
        sourceNamespace: lambdadb-oas
        sourceRevisionDigest: sha256:38b2a197a44e4d81f9515bc3bd8beed7413b63ff8e33d2ecf5180ef598b78a80
        sourceBlobDigest: sha256:e90746c6c07097b1dda8d982034b91bbdb8204fe400372c9617443835026bc17
        codeSamplesNamespace: lambdadb-oas-code-samples
        codeSamplesRevisionDigest: sha256:da3a5f059c6570f22100f954739ef16962ea0359fc6ef72115501da1db200bfa
workflow:
    workflowVersion: 1.0.0
    speakeasyVersion: latest
    sources:
        lambdadb-OAS:
            inputs:
                - location: https://raw.githubusercontent.com/lambdadb/docs/main/api-reference/openapi.json
            overlays:
                - location: .speakeasy/speakeasy-modifications-overlay.yaml
            registry:
                location: registry.speakeasyapi.dev/lambdadb/lambdadb-python/lambdadb-oas
    targets:
        lambdadb:
            target: python
            source: lambdadb-OAS
            publish:
                pypi:
                    token: $pypi_token
            codeSamples:
                registry:
                    location: registry.speakeasyapi.dev/lambdadb/lambdadb-python/lambdadb-oas-code-samples
                labelOverride:
                    fixedValue: Python (SDK)
                blocking: false
