speakeasyVersion: 1.561.0
sources:
    lambdadb-OAS:
        sourceNamespace: lambdadb-oas
        sourceRevisionDigest: sha256:ef785d37f37e476b4237da81f11c24db516ad6efd189fbffb99978133ae88ba7
        sourceBlobDigest: sha256:a797ad5efb033afe27269e769c59ab93c9d2d6a9c5036cc6f27e345999fcdb3c
        tags:
            - latest
            - speakeasy-sdk-regen-1748565648
            - 1.1.0
targets:
    lambdadb:
        source: lambdadb-OAS
        sourceNamespace: lambdadb-oas
        sourceRevisionDigest: sha256:ef785d37f37e476b4237da81f11c24db516ad6efd189fbffb99978133ae88ba7
        sourceBlobDigest: sha256:a797ad5efb033afe27269e769c59ab93c9d2d6a9c5036cc6f27e345999fcdb3c
        codeSamplesNamespace: lambdadb-oas-code-samples
        codeSamplesRevisionDigest: sha256:2025f961af2d7949da4e2eaff6c3b670a704878dc7459989895fdf00f7e0ba89
workflow:
    workflowVersion: 1.0.0
    speakeasyVersion: latest
    sources:
        lambdadb-OAS:
            inputs:
                - location: https://raw.githubusercontent.com/lambdadb/docs/main/api-reference/openapi.json
            overlays:
                - location: .speakeasy/speakeasy-modifications-overlay.yaml
            registry:
                location: registry.speakeasyapi.dev/lambdadb/lambdadb-python/lambdadb-oas
    targets:
        lambdadb:
            target: python
            source: lambdadb-OAS
            publish:
                pypi:
                    token: $pypi_token
            codeSamples:
                registry:
                    location: registry.speakeasyapi.dev/lambdadb/lambdadb-python/lambdadb-oas-code-samples
                labelOverride:
                    fixedValue: Python (SDK)
                blocking: false
